
Microsoft Visual Studio Solution File, Format Version 12.00
# Visual Studio 2013
VisualStudioVersion = 12.0.21005.1
MinimumVisualStudioVersion = 10.0.40219.1
Project("{FAE04EC0-301F-11D3-BF4B-00C04F79EFBC}") = "C1200i", "C1200i\C1200i.csproj", "{464CCD77-EEC4-4746-95C8-44C781FA42FC}"
EndProject
Project("{2150E333-8FDC-42A3-9474-1A3956D46DE8}") = "11", "11", "{B4792499-8D4C-4CC5-A08C-4622EC734D63}"
EndProject
Project("{2150E333-8FDC-42A3-9474-1A3956D46DE8}") = "11.1-Button", "11.1-Button", "{EF1A25A3-1794-445A-890A-13321C772D94}"
EndProject
Project("{2150E333-8FDC-42A3-9474-1A3956D46DE8}") = "216", "216", "{5F43B007-6C6E-41F9-A072-BD9C977E6073}"
EndProject
Project("{FAE04EC0-301F-11D3-BF4B-00C04F79EFBC}") = "MenuVestige", "11\216\MenuVestige\MenuVestige\MenuVestige.csproj", "{C28D35C4-3F83-413D-8272-678CA8F54B2B}"
EndProject
Project("{2150E333-8FDC-42A3-9474-1A3956D46DE8}") = "217", "217", "{9D6A71FA-689F-48F0-9F53-615E2E03036E}"
EndProject
Project("{FAE04EC0-301F-11D3-BF4B-00C04F79EFBC}") = "ButtonShortCut", "11\217\ButtonShortCut\ButtonShortCut\ButtonShortCut.csproj", "{46E047F8-40DD-4B4C-ABC6-6924BDF0B348}"
EndProject
Project("{2150E333-8FDC-42A3-9474-1A3956D46DE8}") = "218", "218", "{5014C8E7-51A9-4271-9E7F-FEBFB76F5D47}"
EndProject
Project("{FAE04EC0-301F-11D3-BF4B-00C04F79EFBC}") = "AutoButton", "11\218\AutoButton\AutoButton\AutoButton.csproj", "{B4C1C540-94DD-491E-B601-B1477D73C80D}"
EndProject
Project("{2150E333-8FDC-42A3-9474-1A3956D46DE8}") = "219", "219", "{B2B1F800-4A56-4253-AA85-69BB3D22267C}"
EndProject
Project("{FAE04EC0-301F-11D3-BF4B-00C04F79EFBC}") = "ButtonMagnifier", "11\219\ButtonMagnifier\ButtonMagnifier\ButtonMagnifier.csproj", "{7A3D3C49-372F-429A-B931-7C2D79DF8EBE}"
EndProject
Project("{2150E333-8FDC-42A3-9474-1A3956D46DE8}") = "220", "220", "{2C68EF8F-A5AF-449E-81A6-897B4C174710}"
EndProject
Project("{FAE04EC0-301F-11D3-BF4B-00C04F79EFBC}") = "GenerateButton", "11\220\GenerateButton\GenerateButton\GenerateButton.csproj", "{E32DAF5C-2E6C-4579-8D82-0561BDB2B0F3}"
EndProject
Global
	GlobalSection(SolutionConfigurationPlatforms) = preSolution
		Debug|Any CPU = Debug|Any CPU
		Release|Any CPU = Release|Any CPU
	EndGlobalSection
	GlobalSection(ProjectConfigurationPlatforms) = postSolution
		{464CCD77-EEC4-4746-95C8-44C781FA42FC}.Debug|Any CPU.ActiveCfg = Debug|Any CPU
		{464CCD77-EEC4-4746-95C8-44C781FA42FC}.Debug|Any CPU.Build.0 = Debug|Any CPU
		{464CCD77-EEC4-4746-95C8-44C781FA42FC}.Release|Any CPU.ActiveCfg = Release|Any CPU
		{464CCD77-EEC4-4746-95C8-44C781FA42FC}.Release|Any CPU.Build.0 = Release|Any CPU
		{C28D35C4-3F83-413D-8272-678CA8F54B2B}.Debug|Any CPU.ActiveCfg = Debug|Any CPU
		{C28D35C4-3F83-413D-8272-678CA8F54B2B}.Debug|Any CPU.Build.0 = Debug|Any CPU
		{C28D35C4-3F83-413D-8272-678CA8F54B2B}.Release|Any CPU.ActiveCfg = Release|Any CPU
		{C28D35C4-3F83-413D-8272-678CA8F54B2B}.Release|Any CPU.Build.0 = Release|Any CPU
		{46E047F8-40DD-4B4C-ABC6-6924BDF0B348}.Debug|Any CPU.ActiveCfg = Debug|Any CPU
		{46E047F8-40DD-4B4C-ABC6-6924BDF0B348}.Debug|Any CPU.Build.0 = Debug|Any CPU
		{46E047F8-40DD-4B4C-ABC6-6924BDF0B348}.Release|Any CPU.ActiveCfg = Release|Any CPU
		{46E047F8-40DD-4B4C-ABC6-6924BDF0B348}.Release|Any CPU.Build.0 = Release|Any CPU
		{B4C1C540-94DD-491E-B601-B1477D73C80D}.Debug|Any CPU.ActiveCfg = Debug|Any CPU
		{B4C1C540-94DD-491E-B601-B1477D73C80D}.Debug|Any CPU.Build.0 = Debug|Any CPU
		{B4C1C540-94DD-491E-B601-B1477D73C80D}.Release|Any CPU.ActiveCfg = Release|Any CPU
		{B4C1C540-94DD-491E-B601-B1477D73C80D}.Release|Any CPU.Build.0 = Release|Any CPU
		{7A3D3C49-372F-429A-B931-7C2D79DF8EBE}.Debug|Any CPU.ActiveCfg = Debug|Any CPU
		{7A3D3C49-372F-429A-B931-7C2D79DF8EBE}.Debug|Any CPU.Build.0 = Debug|Any CPU
		{7A3D3C49-372F-429A-B931-7C2D79DF8EBE}.Release|Any CPU.ActiveCfg = Release|Any CPU
		{7A3D3C49-372F-429A-B931-7C2D79DF8EBE}.Release|Any CPU.Build.0 = Release|Any CPU
		{E32DAF5C-2E6C-4579-8D82-0561BDB2B0F3}.Debug|Any CPU.ActiveCfg = Debug|Any CPU
		{E32DAF5C-2E6C-4579-8D82-0561BDB2B0F3}.Debug|Any CPU.Build.0 = Debug|Any CPU
		{E32DAF5C-2E6C-4579-8D82-0561BDB2B0F3}.Release|Any CPU.ActiveCfg = Release|Any CPU
		{E32DAF5C-2E6C-4579-8D82-0561BDB2B0F3}.Release|Any CPU.Build.0 = Release|Any CPU
	EndGlobalSection
	GlobalSection(SolutionProperties) = preSolution
		HideSolutionNode = FALSE
	EndGlobalSection
	GlobalSection(NestedProjects) = preSolution
		{EF1A25A3-1794-445A-890A-13321C772D94} = {B4792499-8D4C-4CC5-A08C-4622EC734D63}
		{5F43B007-6C6E-41F9-A072-BD9C977E6073} = {EF1A25A3-1794-445A-890A-13321C772D94}
		{9D6A71FA-689F-48F0-9F53-615E2E03036E} = {EF1A25A3-1794-445A-890A-13321C772D94}
		{5014C8E7-51A9-4271-9E7F-FEBFB76F5D47} = {EF1A25A3-1794-445A-890A-13321C772D94}
		{B2B1F800-4A56-4253-AA85-69BB3D22267C} = {EF1A25A3-1794-445A-890A-13321C772D94}
		{2C68EF8F-A5AF-449E-81A6-897B4C174710} = {EF1A25A3-1794-445A-890A-13321C772D94}
		{C28D35C4-3F83-413D-8272-678CA8F54B2B} = {5F43B007-6C6E-41F9-A072-BD9C977E6073}
		{46E047F8-40DD-4B4C-ABC6-6924BDF0B348} = {9D6A71FA-689F-48F0-9F53-615E2E03036E}
		{B4C1C540-94DD-491E-B601-B1477D73C80D} = {5014C8E7-51A9-4271-9E7F-FEBFB76F5D47}
		{7A3D3C49-372F-429A-B931-7C2D79DF8EBE} = {B2B1F800-4A56-4253-AA85-69BB3D22267C}
		{E32DAF5C-2E6C-4579-8D82-0561BDB2B0F3} = {2C68EF8F-A5AF-449E-81A6-897B4C174710}
	EndGlobalSection
EndGlobal
