
Microsoft Visual Studio Solution File, Format Version 12.00
# Visual Studio 2013
VisualStudioVersion = 12.0.21005.1
MinimumVisualStudioVersion = 10.0.40219.1
Project("{2150E333-8FDC-42A3-9474-1A3956D46DE8}") = "11", "11", "{B4792499-8D4C-4CC5-A08C-4622EC734D63}"
EndProject
Project("{2150E333-8FDC-42A3-9474-1A3956D46DE8}") = "11.1-Button", "11.1-Button", "{EF1A25A3-1794-445A-890A-13321C772D94}"
EndProject
Project("{2150E333-8FDC-42A3-9474-1A3956D46DE8}") = "216", "216", "{5F43B007-6C6E-41F9-A072-BD9C977E6073}"
EndProject
Project("{FAE04EC0-301F-11D3-BF4B-00C04F79EFBC}") = "MenuVestige", "11\216\MenuVestige\MenuVestige\MenuVestige.csproj", "{C28D35C4-3F83-413D-8272-678CA8F54B2B}"
EndProject
Project("{2150E333-8FDC-42A3-9474-1A3956D46DE8}") = "217", "217", "{9D6A71FA-689F-48F0-9F53-615E2E03036E}"
EndProject
Project("{FAE04EC0-301F-11D3-BF4B-00C04F79EFBC}") = "ButtonShortCut", "11\217\ButtonShortCut\ButtonShortCut\ButtonShortCut.csproj", "{46E047F8-40DD-4B4C-ABC6-6924BDF0B348}"
EndProject
Project("{2150E333-8FDC-42A3-9474-1A3956D46DE8}") = "218", "218", "{5014C8E7-51A9-4271-9E7F-FEBFB76F5D47}"
EndProject
Project("{FAE04EC0-301F-11D3-BF4B-00C04F79EFBC}") = "AutoButton", "11\218\AutoButton\AutoButton\AutoButton.csproj", "{B4C1C540-94DD-491E-B601-B1477D73C80D}"
EndProject
Project("{2150E333-8FDC-42A3-9474-1A3956D46DE8}") = "219", "219", "{B2B1F800-4A56-4253-AA85-69BB3D22267C}"
EndProject
Project("{FAE04EC0-301F-11D3-BF4B-00C04F79EFBC}") = "ButtonMagnifier", "11\219\ButtonMagnifier\ButtonMagnifier\ButtonMagnifier.csproj", "{7A3D3C49-372F-429A-B931-7C2D79DF8EBE}"
EndProject
Project("{2150E333-8FDC-42A3-9474-1A3956D46DE8}") = "220", "220", "{2C68EF8F-A5AF-449E-81A6-897B4C174710}"
EndProject
Project("{FAE04EC0-301F-11D3-BF4B-00C04F79EFBC}") = "GenerateButton", "11\220\GenerateButton\GenerateButton\GenerateButton.csproj", "{E32DAF5C-2E6C-4579-8D82-0561BDB2B0F3}"
EndProject
Project("{2150E333-8FDC-42A3-9474-1A3956D46DE8}") = "11.2-TextBox", "11.2-TextBox", "{5B141403-D97E-44E1-9877-E88BABF6C38D}"
EndProject
Project("{2150E333-8FDC-42A3-9474-1A3956D46DE8}") = "221", "221", "{24C16E76-BE04-45D6-9C83-1B7EE2168559}"
EndProject
Project("{FAE04EC0-301F-11D3-BF4B-00C04F79EFBC}") = "Multi-LineText", "11\221\Multi-LineText\Multi-LineText\Multi-LineText.csproj", "{2D91E0AC-9C7C-4493-9310-841E82110FFE}"
EndProject
Project("{2150E333-8FDC-42A3-9474-1A3956D46DE8}") = "222", "222", "{767BC296-E24C-4414-AF9C-046407EB13AD}"
EndProject
Project("{2150E333-8FDC-42A3-9474-1A3956D46DE8}") = "223", "223", "{01A7BBAA-278C-4C15-A825-5B01E6F619BB}"
EndProject
Project("{2150E333-8FDC-42A3-9474-1A3956D46DE8}") = "224", "224", "{FD33C514-3A3B-42DD-8606-B8000F6C0BBF}"
EndProject
Project("{2150E333-8FDC-42A3-9474-1A3956D46DE8}") = "225", "225", "{210459CA-913F-46DE-BEA1-73B0C4542F0E}"
EndProject
Project("{2150E333-8FDC-42A3-9474-1A3956D46DE8}") = "226", "226", "{0C63AA6C-6C88-45B3-B7B6-1F9D7C19FA74}"
EndProject
Project("{2150E333-8FDC-42A3-9474-1A3956D46DE8}") = "227", "227", "{413DAC3F-0E3A-443D-94A0-5EC79136FF92}"
EndProject
Project("{FAE04EC0-301F-11D3-BF4B-00C04F79EFBC}") = "Txt_PassWord", "11\222\Txt_PassWord\Txt_PassWord\Txt_PassWord.csproj", "{868A3097-B33F-4616-812E-C84EA4FDCF76}"
EndProject
Project("{FAE04EC0-301F-11D3-BF4B-00C04F79EFBC}") = "textNewLine", "11\223\textNewLine\textNewLine\textNewLine.csproj", "{0FA5B045-C24C-498C-8BF5-2A0EFCBE0860}"
EndProject
Project("{FAE04EC0-301F-11D3-BF4B-00C04F79EFBC}") = "OnlyDigit", "11\224\OnlyDigit\OnlyDigit\OnlyDigit.csproj", "{690E092E-06D6-4BD6-817F-2F56B9F5759E}"
EndProject
Project("{FAE04EC0-301F-11D3-BF4B-00C04F79EFBC}") = "UnderLine", "11\225\UnderLine\UnderLine\UnderLine.csproj", "{947E3654-7E07-4A4D-8241-808FB892F10E}"
EndProject
Project("{FAE04EC0-301F-11D3-BF4B-00C04F79EFBC}") = "ShieldPaste", "11\226\ShieldPaste\ShieldPaste\ShieldPaste.csproj", "{F74333BE-E401-4864-A335-2CC6646FA799}"
EndProject
Project("{FAE04EC0-301F-11D3-BF4B-00C04F79EFBC}") = "ShieldMenu", "11\227\ShieldMenu\ShieldMenu\ShieldMenu.csproj", "{7A32E6FC-6715-4E53-849C-65FACFCAEDE3}"
EndProject
Global
	GlobalSection(SolutionConfigurationPlatforms) = preSolution
		Debug|Any CPU = Debug|Any CPU
		Release|Any CPU = Release|Any CPU
	EndGlobalSection
	GlobalSection(ProjectConfigurationPlatforms) = postSolution
		{C28D35C4-3F83-413D-8272-678CA8F54B2B}.Debug|Any CPU.ActiveCfg = Debug|Any CPU
		{C28D35C4-3F83-413D-8272-678CA8F54B2B}.Debug|Any CPU.Build.0 = Debug|Any CPU
		{C28D35C4-3F83-413D-8272-678CA8F54B2B}.Release|Any CPU.ActiveCfg = Release|Any CPU
		{C28D35C4-3F83-413D-8272-678CA8F54B2B}.Release|Any CPU.Build.0 = Release|Any CPU
		{46E047F8-40DD-4B4C-ABC6-6924BDF0B348}.Debug|Any CPU.ActiveCfg = Debug|Any CPU
		{46E047F8-40DD-4B4C-ABC6-6924BDF0B348}.Debug|Any CPU.Build.0 = Debug|Any CPU
		{46E047F8-40DD-4B4C-ABC6-6924BDF0B348}.Release|Any CPU.ActiveCfg = Release|Any CPU
		{46E047F8-40DD-4B4C-ABC6-6924BDF0B348}.Release|Any CPU.Build.0 = Release|Any CPU
		{B4C1C540-94DD-491E-B601-B1477D73C80D}.Debug|Any CPU.ActiveCfg = Debug|Any CPU
		{B4C1C540-94DD-491E-B601-B1477D73C80D}.Debug|Any CPU.Build.0 = Debug|Any CPU
		{B4C1C540-94DD-491E-B601-B1477D73C80D}.Release|Any CPU.ActiveCfg = Release|Any CPU
		{B4C1C540-94DD-491E-B601-B1477D73C80D}.Release|Any CPU.Build.0 = Release|Any CPU
		{7A3D3C49-372F-429A-B931-7C2D79DF8EBE}.Debug|Any CPU.ActiveCfg = Debug|Any CPU
		{7A3D3C49-372F-429A-B931-7C2D79DF8EBE}.Debug|Any CPU.Build.0 = Debug|Any CPU
		{7A3D3C49-372F-429A-B931-7C2D79DF8EBE}.Release|Any CPU.ActiveCfg = Release|Any CPU
		{7A3D3C49-372F-429A-B931-7C2D79DF8EBE}.Release|Any CPU.Build.0 = Release|Any CPU
		{E32DAF5C-2E6C-4579-8D82-0561BDB2B0F3}.Debug|Any CPU.ActiveCfg = Debug|Any CPU
		{E32DAF5C-2E6C-4579-8D82-0561BDB2B0F3}.Debug|Any CPU.Build.0 = Debug|Any CPU
		{E32DAF5C-2E6C-4579-8D82-0561BDB2B0F3}.Release|Any CPU.ActiveCfg = Release|Any CPU
		{E32DAF5C-2E6C-4579-8D82-0561BDB2B0F3}.Release|Any CPU.Build.0 = Release|Any CPU
		{2D91E0AC-9C7C-4493-9310-841E82110FFE}.Debug|Any CPU.ActiveCfg = Debug|Any CPU
		{2D91E0AC-9C7C-4493-9310-841E82110FFE}.Debug|Any CPU.Build.0 = Debug|Any CPU
		{2D91E0AC-9C7C-4493-9310-841E82110FFE}.Release|Any CPU.ActiveCfg = Release|Any CPU
		{2D91E0AC-9C7C-4493-9310-841E82110FFE}.Release|Any CPU.Build.0 = Release|Any CPU
		{868A3097-B33F-4616-812E-C84EA4FDCF76}.Debug|Any CPU.ActiveCfg = Debug|Any CPU
		{868A3097-B33F-4616-812E-C84EA4FDCF76}.Debug|Any CPU.Build.0 = Debug|Any CPU
		{868A3097-B33F-4616-812E-C84EA4FDCF76}.Release|Any CPU.ActiveCfg = Release|Any CPU
		{868A3097-B33F-4616-812E-C84EA4FDCF76}.Release|Any CPU.Build.0 = Release|Any CPU
		{0FA5B045-C24C-498C-8BF5-2A0EFCBE0860}.Debug|Any CPU.ActiveCfg = Debug|Any CPU
		{0FA5B045-C24C-498C-8BF5-2A0EFCBE0860}.Debug|Any CPU.Build.0 = Debug|Any CPU
		{0FA5B045-C24C-498C-8BF5-2A0EFCBE0860}.Release|Any CPU.ActiveCfg = Release|Any CPU
		{0FA5B045-C24C-498C-8BF5-2A0EFCBE0860}.Release|Any CPU.Build.0 = Release|Any CPU
		{690E092E-06D6-4BD6-817F-2F56B9F5759E}.Debug|Any CPU.ActiveCfg = Debug|Any CPU
		{690E092E-06D6-4BD6-817F-2F56B9F5759E}.Debug|Any CPU.Build.0 = Debug|Any CPU
		{690E092E-06D6-4BD6-817F-2F56B9F5759E}.Release|Any CPU.ActiveCfg = Release|Any CPU
		{690E092E-06D6-4BD6-817F-2F56B9F5759E}.Release|Any CPU.Build.0 = Release|Any CPU
		{947E3654-7E07-4A4D-8241-808FB892F10E}.Debug|Any CPU.ActiveCfg = Debug|Any CPU
		{947E3654-7E07-4A4D-8241-808FB892F10E}.Debug|Any CPU.Build.0 = Debug|Any CPU
		{947E3654-7E07-4A4D-8241-808FB892F10E}.Release|Any CPU.ActiveCfg = Release|Any CPU
		{947E3654-7E07-4A4D-8241-808FB892F10E}.Release|Any CPU.Build.0 = Release|Any CPU
		{F74333BE-E401-4864-A335-2CC6646FA799}.Debug|Any CPU.ActiveCfg = Debug|Any CPU
		{F74333BE-E401-4864-A335-2CC6646FA799}.Debug|Any CPU.Build.0 = Debug|Any CPU
		{F74333BE-E401-4864-A335-2CC6646FA799}.Release|Any CPU.ActiveCfg = Release|Any CPU
		{F74333BE-E401-4864-A335-2CC6646FA799}.Release|Any CPU.Build.0 = Release|Any CPU
		{7A32E6FC-6715-4E53-849C-65FACFCAEDE3}.Debug|Any CPU.ActiveCfg = Debug|Any CPU
		{7A32E6FC-6715-4E53-849C-65FACFCAEDE3}.Debug|Any CPU.Build.0 = Debug|Any CPU
		{7A32E6FC-6715-4E53-849C-65FACFCAEDE3}.Release|Any CPU.ActiveCfg = Release|Any CPU
		{7A32E6FC-6715-4E53-849C-65FACFCAEDE3}.Release|Any CPU.Build.0 = Release|Any CPU
	EndGlobalSection
	GlobalSection(SolutionProperties) = preSolution
		HideSolutionNode = FALSE
	EndGlobalSection
	GlobalSection(NestedProjects) = preSolution
		{EF1A25A3-1794-445A-890A-13321C772D94} = {B4792499-8D4C-4CC5-A08C-4622EC734D63}
		{5B141403-D97E-44E1-9877-E88BABF6C38D} = {B4792499-8D4C-4CC5-A08C-4622EC734D63}
		{5F43B007-6C6E-41F9-A072-BD9C977E6073} = {EF1A25A3-1794-445A-890A-13321C772D94}
		{9D6A71FA-689F-48F0-9F53-615E2E03036E} = {EF1A25A3-1794-445A-890A-13321C772D94}
		{5014C8E7-51A9-4271-9E7F-FEBFB76F5D47} = {EF1A25A3-1794-445A-890A-13321C772D94}
		{B2B1F800-4A56-4253-AA85-69BB3D22267C} = {EF1A25A3-1794-445A-890A-13321C772D94}
		{2C68EF8F-A5AF-449E-81A6-897B4C174710} = {EF1A25A3-1794-445A-890A-13321C772D94}
		{C28D35C4-3F83-413D-8272-678CA8F54B2B} = {5F43B007-6C6E-41F9-A072-BD9C977E6073}
		{46E047F8-40DD-4B4C-ABC6-6924BDF0B348} = {9D6A71FA-689F-48F0-9F53-615E2E03036E}
		{B4C1C540-94DD-491E-B601-B1477D73C80D} = {5014C8E7-51A9-4271-9E7F-FEBFB76F5D47}
		{7A3D3C49-372F-429A-B931-7C2D79DF8EBE} = {B2B1F800-4A56-4253-AA85-69BB3D22267C}
		{E32DAF5C-2E6C-4579-8D82-0561BDB2B0F3} = {2C68EF8F-A5AF-449E-81A6-897B4C174710}
		{24C16E76-BE04-45D6-9C83-1B7EE2168559} = {5B141403-D97E-44E1-9877-E88BABF6C38D}
		{767BC296-E24C-4414-AF9C-046407EB13AD} = {5B141403-D97E-44E1-9877-E88BABF6C38D}
		{01A7BBAA-278C-4C15-A825-5B01E6F619BB} = {5B141403-D97E-44E1-9877-E88BABF6C38D}
		{FD33C514-3A3B-42DD-8606-B8000F6C0BBF} = {5B141403-D97E-44E1-9877-E88BABF6C38D}
		{210459CA-913F-46DE-BEA1-73B0C4542F0E} = {5B141403-D97E-44E1-9877-E88BABF6C38D}
		{0C63AA6C-6C88-45B3-B7B6-1F9D7C19FA74} = {5B141403-D97E-44E1-9877-E88BABF6C38D}
		{413DAC3F-0E3A-443D-94A0-5EC79136FF92} = {5B141403-D97E-44E1-9877-E88BABF6C38D}
		{2D91E0AC-9C7C-4493-9310-841E82110FFE} = {24C16E76-BE04-45D6-9C83-1B7EE2168559}
		{868A3097-B33F-4616-812E-C84EA4FDCF76} = {767BC296-E24C-4414-AF9C-046407EB13AD}
		{0FA5B045-C24C-498C-8BF5-2A0EFCBE0860} = {01A7BBAA-278C-4C15-A825-5B01E6F619BB}
		{690E092E-06D6-4BD6-817F-2F56B9F5759E} = {FD33C514-3A3B-42DD-8606-B8000F6C0BBF}
		{947E3654-7E07-4A4D-8241-808FB892F10E} = {210459CA-913F-46DE-BEA1-73B0C4542F0E}
		{F74333BE-E401-4864-A335-2CC6646FA799} = {0C63AA6C-6C88-45B3-B7B6-1F9D7C19FA74}
		{7A32E6FC-6715-4E53-849C-65FACFCAEDE3} = {413DAC3F-0E3A-443D-94A0-5EC79136FF92}
	EndGlobalSection
EndGlobal
